// !$*UTF8*$!
{
	archiveVersion = 1;
	classes = {
	};
	objectVersion = 50;
	objects = {

/* Begin PBXBuildFile section */
		4F4F65FA223B025000AE1D03 /* AppDelegate.swift in Sources */ = {isa = PBXBuildFile; fileRef = 4F4F65F9223B025000AE1D03 /* AppDelegate.swift */; };
		4F4F65FC223B025000AE1D03 /* ViewController.swift in Sources */ = {isa = PBXBuildFile; fileRef = 4F4F65FB223B025000AE1D03 /* ViewController.swift */; };
		4F4F65FF223B025000AE1D03 /* Main.storyboard in Resources */ = {isa = PBXBuildFile; fileRef = 4F4F65FD223B025000AE1D03 /* Main.storyboard */; };
		4F4F6601223B025200AE1D03 /* Assets.xcassets in Resources */ = {isa = PBXBuildFile; fileRef = 4F4F6600223B025200AE1D03 /* Assets.xcassets */; };
		4F4F6604223B025200AE1D03 /* LaunchScreen.storyboard in Resources */ = {isa = PBXBuildFile; fileRef = 4F4F6602223B025200AE1D03 /* LaunchScreen.storyboard */; };
		4F4F660F223B025200AE1D03 /* NavigationEngineDemoTests.swift in Sources */ = {isa = PBXBuildFile; fileRef = 4F4F660E223B025200AE1D03 /* NavigationEngineDemoTests.swift */; };
/* End PBXBuildFile section */

/* Begin PBXContainerItemProxy section */
		4F4F660B223B025200AE1D03 /* PBXContainerItemProxy */ = {
			isa = PBXContainerItemProxy;
			containerPortal = 4F4F65EE223B025000AE1D03 /* Project object */;
			proxyType = 1;
			remoteGlobalIDString = 4F4F65F5223B025000AE1D03;
			remoteInfo = NavigationEngineDemo;
		};
/* End PBXContainerItemProxy section */

/* Begin PBXFileReference section */
		4F4F65F6223B025000AE1D03 /* NavigationEngineDemo.app */ = {isa = PBXFileReference; explicitFileType = wrapper.application; includeInIndex = 0; path = NavigationEngineDemo.app; sourceTree = BUILT_PRODUCTS_DIR; };
		4F4F65F9223B025000AE1D03 /* AppDelegate.swift */ = {isa = PBXFileReference; lastKnownFileType = sourcecode.swift; path = AppDelegate.swift; sourceTree = "<group>"; };
		4F4F65FB223B025000AE1D03 /* ViewController.swift */ = {isa = PBXFileReference; lastKnownFileType = sourcecode.swift; path = ViewController.swift; sourceTree = "<group>"; };
		4F4F65FE223B025000AE1D03 /* Base */ = {isa = PBXFileReference; lastKnownFileType = file.storyboard; name = Base; path = Base.lproj/Main.storyboard; sourceTree = "<group>"; };
		4F4F6600223B025200AE1D03 /* Assets.xcassets */ = {isa = PBXFileReference; lastKnownFileType = folder.assetcatalog; path = Assets.xcassets; sourceTree = "<group>"; };
		4F4F6603223B025200AE1D03 /* Base */ = {isa = PBXFileReference; lastKnownFileType = file.storyboard; name = Base; path = Base.lproj/LaunchScreen.storyboard; sourceTree = "<group>"; };
		4F4F6605223B025200AE1D03 /* Info.plist */ = {isa = PBXFileReference; lastKnownFileType = text.plist.xml; path = Info.plist; sourceTree = "<group>"; };
		4F4F660A223B025200AE1D03 /* NavigationEngineDemoTests.xctest */ = {isa = PBXFileReference; explicitFileType = wrapper.cfbundle; includeInIndex = 0; path = NavigationEngineDemoTests.xctest; sourceTree = BUILT_PRODUCTS_DIR; };
		4F4F660E223B025200AE1D03 /* NavigationEngineDemoTests.swift */ = {isa = PBXFileReference; lastKnownFileType = sourcecode.swift; path = NavigationEngineDemoTests.swift; sourceTree = "<group>"; };
		4F4F6610223B025200AE1D03 /* Info.plist */ = {isa = PBXFileReference; lastKnownFileType = text.plist.xml; path = Info.plist; sourceTree = "<group>"; };
/* End PBXFileReference section */

/* Begin PBXFrameworksBuildPhase section */
		4F4F65F3223B025000AE1D03 /* Frameworks */ = {
			isa = PBXFrameworksBuildPhase;
			buildActionMask = 2147483647;
			files = (
			);
			runOnlyForDeploymentPostprocessing = 0;
		};
		4F4F6607223B025200AE1D03 /* Frameworks */ = {
			isa = PBXFrameworksBuildPhase;
			buildActionMask = 2147483647;
			files = (
			);
			runOnlyForDeploymentPostprocessing = 0;
		};
/* End PBXFrameworksBuildPhase section */

/* Begin PBXGroup section */
		4F4F65ED223B025000AE1D03 = {
			isa = PBXGroup;
			children = (
				4F4F65F8223B025000AE1D03 /* NavigationEngineDemo */,
				4F4F660D223B025200AE1D03 /* NavigationEngineDemoTests */,
				4F4F65F7223B025000AE1D03 /* Products */,
			);
			sourceTree = "<group>";
		};
		4F4F65F7223B025000AE1D03 /* Products */ = {
			isa = PBXGroup;
			children = (
				4F4F65F6223B025000AE1D03 /* NavigationEngineDemo.app */,
				4F4F660A223B025200AE1D03 /* NavigationEngineDemoTests.xctest */,
			);
			name = Products;
			sourceTree = "<group>";
		};
		4F4F65F8223B025000AE1D03 /* NavigationEngineDemo */ = {
			isa = PBXGroup;
			children = (
				4F4F65F9223B025000AE1D03 /* AppDelegate.swift */,
				4F4F65FB223B025000AE1D03 /* ViewController.swift */,
				4F4F65FD223B025000AE1D03 /* Main.storyboard */,
				4F4F6600223B025200AE1D03 /* Assets.xcassets */,
				4F4F6602223B025200AE1D03 /* LaunchScreen.storyboard */,
				4F4F6605223B025200AE1D03 /* Info.plist */,
			);
			path = NavigationEngineDemo;
			sourceTree = "<group>";
		};
		4F4F660D223B025200AE1D03 /* NavigationEngineDemoTests */ = {
			isa = PBXGroup;
			children = (
				4F4F660E223B025200AE1D03 /* NavigationEngineDemoTests.swift */,
				4F4F6610223B025200AE1D03 /* Info.plist */,
			);
			path = NavigationEngineDemoTests;
			sourceTree = "<group>";
		};
/* End PBXGroup section */

/* Begin PBXNativeTarget section */
		4F4F65F5223B025000AE1D03 /* NavigationEngineDemo */ = {
			isa = PBXNativeTarget;
			buildConfigurationList = 4F4F6613223B025200AE1D03 /* Build configuration list for PBXNativeTarget "NavigationEngineDemo" */;
			buildPhases = (
				4F4F65F2223B025000AE1D03 /* Sources */,
				4F4F65F3223B025000AE1D03 /* Frameworks */,
				4F4F65F4223B025000AE1D03 /* Resources */,
			);
			buildRules = (
			);
			dependencies = (
			);
			name = NavigationEngineDemo;
			productName = NavigationEngineDemo;
			productReference = 4F4F65F6223B025000AE1D03 /* NavigationEngineDemo.app */;
			productType = "com.apple.product-type.application";
		};
		4F4F6609223B025200AE1D03 /* NavigationEngineDemoTests */ = {
			isa = PBXNativeTarget;
			buildConfigurationList = 4F4F6616223B025200AE1D03 /* Build configuration list for PBXNativeTarget "NavigationEngineDemoTests" */;
			buildPhases = (
				4F4F6606223B025200AE1D03 /* Sources */,
				4F4F6607223B025200AE1D03 /* Frameworks */,
				4F4F6608223B025200AE1D03 /* Resources */,
			);
			buildRules = (
			);
			dependencies = (
				4F4F660C223B025200AE1D03 /* PBXTargetDependency */,
			);
			name = NavigationEngineDemoTests;
			productName = NavigationEngineDemoTests;
			productReference = 4F4F660A223B025200AE1D03 /* NavigationEngineDemoTests.xctest */;
			productType = "com.apple.product-type.bundle.unit-test";
		};
/* End PBXNativeTarget section */

/* Begin PBXProject section */
		4F4F65EE223B025000AE1D03 /* Project object */ = {
			isa = PBXProject;
			attributes = {
				LastSwiftUpdateCheck = 1010;
				LastUpgradeCheck = 1010;
				ORGANIZATIONNAME = "Just Eat";
				TargetAttributes = {
					4F4F65F5223B025000AE1D03 = {
						CreatedOnToolsVersion = 10.1;
					};
					4F4F6609223B025200AE1D03 = {
						CreatedOnToolsVersion = 10.1;
						TestTargetID = 4F4F65F5223B025000AE1D03;
					};
				};
			};
			buildConfigurationList = 4F4F65F1223B025000AE1D03 /* Build configuration list for PBXProject "NavigationEngineDemo" */;
			compatibilityVersion = "Xcode 9.3";
			developmentRegion = en;
			hasScannedForEncodings = 0;
			knownRegions = (
				en,
				Base,
			);
			mainGroup = 4F4F65ED223B025000AE1D03;
			productRefGroup = 4F4F65F7223B025000AE1D03 /* Products */;
			projectDirPath = "";
			projectRoot = "";
			targets = (
				4F4F65F5223B025000AE1D03 /* NavigationEngineDemo */,
				4F4F6609223B025200AE1D03 /* NavigationEngineDemoTests */,
			);
		};
/* End PBXProject section */

/* Begin PBXResourcesBuildPhase section */
		4F4F65F4223B025000AE1D03 /* Resources */ = {
			isa = PBXResourcesBuildPhase;
			buildActionMask = 2147483647;
			files = (
				4F4F6604223B025200AE1D03 /* LaunchScreen.storyboard in Resources */,
				4F4F6601223B025200AE1D03 /* Assets.xcassets in Resources */,
				4F4F65FF223B025000AE1D03 /* Main.storyboard in Resources */,
			);
			runOnlyForDeploymentPostprocessing = 0;
		};
		4F4F6608223B025200AE1D03 /* Resources */ = {
			isa = PBXResourcesBuildPhase;
			buildActionMask = 2147483647;
			files = (
			);
			runOnlyForDeploymentPostprocessing = 0;
		};
/* End PBXResourcesBuildPhase section */

/* Begin PBXSourcesBuildPhase section */
		4F4F65F2223B025000AE1D03 /* Sources */ = {
			isa = PBXSourcesBuildPhase;
			buildActionMask = 2147483647;
			files = (
				4F4F65FC223B025000AE1D03 /* ViewController.swift in Sources */,
				4F4F65FA223B025000AE1D03 /* AppDelegate.swift in Sources */,
			);
			runOnlyForDeploymentPostprocessing = 0;
		};
		4F4F6606223B025200AE1D03 /* Sources */ = {
			isa = PBXSourcesBuildPhase;
			buildActionMask = 2147483647;
			files = (
				4F4F660F223B025200AE1D03 /* NavigationEngineDemoTests.swift in Sources */,
			);
			runOnlyForDeploymentPostprocessing = 0;
		};
/* End PBXSourcesBuildPhase section */

/* Begin PBXTargetDependency section */
		4F4F660C223B025200AE1D03 /* PBXTargetDependency */ = {
			isa = PBXTargetDependency;
			target = 4F4F65F5223B025000AE1D03 /* NavigationEngineDemo */;
			targetProxy = 4F4F660B223B025200AE1D03 /* PBXContainerItemProxy */;
		};
/* End PBXTargetDependency section */

/* Begin PBXVariantGroup section */
		4F4F65FD223B025000AE1D03 /* Main.storyboard */ = {
			isa = PBXVariantGroup;
			children = (
				4F4F65FE223B025000AE1D03 /* Base */,
			);
			name = Main.storyboard;
			sourceTree = "<group>";
		};
		4F4F6602223B025200AE1D03 /* LaunchScreen.storyboard */ = {
			isa = PBXVariantGroup;
			children = (
				4F4F6603223B025200AE1D03 /* Base */,
			);
			name = LaunchScreen.storyboard;
			sourceTree = "<group>";
		};
/* End PBXVariantGroup section */

/* Begin XCBuildConfiguration section */
		4F4F6611223B025200AE1D03 /* Debug */ = {
			isa = XCBuildConfiguration;
			buildSettings = {
				ALWAYS_SEARCH_USER_PATHS = NO;
				CLANG_ANALYZER_NONNULL = YES;
				CLANG_ANALYZER_NUMBER_OBJECT_CONVERSION = YES_AGGRESSIVE;
				CLANG_CXX_LANGUAGE_STANDARD = "gnu++14";
				CLANG_CXX_LIBRARY = "libc++";
				CLANG_ENABLE_MODULES = YES;
				CLANG_ENABLE_OBJC_ARC = YES;
				CLANG_ENABLE_OBJC_WEAK = YES;
				CLANG_WARN_BLOCK_CAPTURE_AUTORELEASING = YES;
				CLANG_WARN_BOOL_CONVERSION = YES;
				CLANG_WARN_COMMA = YES;
				CLANG_WARN_CONSTANT_CONVERSION = YES;
				CLANG_WARN_DEPRECATED_OBJC_IMPLEMENTATIONS = YES;
				CLANG_WARN_DIRECT_OBJC_ISA_USAGE = YES_ERROR;
				CLANG_WARN_DOCUMENTATION_COMMENTS = YES;
				CLANG_WARN_EMPTY_BODY = YES;
				CLANG_WARN_ENUM_CONVERSION = YES;
				CLANG_WARN_INFINITE_RECURSION = YES;
				CLANG_WARN_INT_CONVERSION = YES;
				CLANG_WARN_NON_LITERAL_NULL_CONVERSION = YES;
				CLANG_WARN_OBJC_IMPLICIT_RETAIN_SELF = YES;
				CLANG_WARN_OBJC_LITERAL_CONVERSION = YES;
				CLANG_WARN_OBJC_ROOT_CLASS = YES_ERROR;
				CLANG_WARN_RANGE_LOOP_ANALYSIS = YES;
				CLANG_WARN_STRICT_PROTOTYPES = YES;
				CLANG_WARN_SUSPICIOUS_MOVE = YES;
				CLANG_WARN_UNGUARDED_AVAILABILITY = YES_AGGRESSIVE;
				CLANG_WARN_UNREACHABLE_CODE = YES;
				CLANG_WARN__DUPLICATE_METHOD_MATCH = YES;
				CODE_SIGN_IDENTITY = "iPhone Developer";
				COPY_PHASE_STRIP = NO;
				DEBUG_INFORMATION_FORMAT = dwarf;
				ENABLE_STRICT_OBJC_MSGSEND = YES;
				ENABLE_TESTABILITY = YES;
				GCC_C_LANGUAGE_STANDARD = gnu11;
				GCC_DYNAMIC_NO_PIC = NO;
				GCC_NO_COMMON_BLOCKS = YES;
				GCC_OPTIMIZATION_LEVEL = 0;
				GCC_PREPROCESSOR_DEFINITIONS = (
					"DEBUG=1",
					"$(inherited)",
				);
				GCC_WARN_64_TO_32_BIT_CONVERSION = YES;
				GCC_WARN_ABOUT_RETURN_TYPE = YES_ERROR;
				GCC_WARN_UNDECLARED_SELECTOR = YES;
				GCC_WARN_UNINITIALIZED_AUTOS = YES_AGGRESSIVE;
				GCC_WARN_UNUSED_FUNCTION = YES;
				GCC_WARN_UNUSED_VARIABLE = YES;
				IPHONEOS_DEPLOYMENT_TARGET = 12.1;
				MTL_ENABLE_DEBUG_INFO = INCLUDE_SOURCE;
				MTL_FAST_MATH = YES;
				ONLY_ACTIVE_ARCH = YES;
				SDKROOT = iphoneos;
				SWIFT_ACTIVE_COMPILATION_CONDITIONS = DEBUG;
				SWIFT_OPTIMIZATION_LEVEL = "-Onone";
			};
			name = Debug;
		};
		4F4F6612223B025200AE1D03 /* Release */ = {
			isa = XCBuildConfiguration;
			buildSettings = {
				ALWAYS_SEARCH_USER_PATHS = NO;
				CLANG_ANALYZER_NONNULL = YES;
				CLANG_ANALYZER_NUMBER_OBJECT_CONVERSION = YES_AGGRESSIVE;
				CLANG_CXX_LANGUAGE_STANDARD = "gnu++14";
				CLANG_CXX_LIBRARY = "libc++";
				CLANG_ENABLE_MODULES = YES;
				CLANG_ENABLE_OBJC_ARC = YES;
				CLANG_ENABLE_OBJC_WEAK = YES;
				CLANG_WARN_BLOCK_CAPTURE_AUTORELEASING = YES;
				CLANG_WARN_BOOL_CONVERSION = YES;
				CLANG_WARN_COMMA = YES;
				CLANG_WARN_CONSTANT_CONVERSION = YES;
				CLANG_WARN_DEPRECATED_OBJC_IMPLEMENTATIONS = YES;
				CLANG_WARN_DIRECT_OBJC_ISA_USAGE = YES_ERROR;
				CLANG_WARN_DOCUMENTATION_COMMENTS = YES;
				CLANG_WARN_EMPTY_BODY = YES;
				CLANG_WARN_ENUM_CONVERSION = YES;
				CLANG_WARN_INFINITE_RECURSION = YES;
				CLANG_WARN_INT_CONVERSION = YES;
				CLANG_WARN_NON_LITERAL_NULL_CONVERSION = YES;
				CLANG_WARN_OBJC_IMPLICIT_RETAIN_SELF = YES;
				CLANG_WARN_OBJC_LITERAL_CONVERSION = YES;
				CLANG_WARN_OBJC_ROOT_CLASS = YES_ERROR;
				CLANG_WARN_RANGE_LOOP_ANALYSIS = YES;
				CLANG_WARN_STRICT_PROTOTYPES = YES;
				CLANG_WARN_SUSPICIOUS_MOVE = YES;
				CLANG_WARN_UNGUARDED_AVAILABILITY = YES_AGGRESSIVE;
				CLANG_WARN_UNREACHABLE_CODE = YES;
				CLANG_WARN__DUPLICATE_METHOD_MATCH = YES;
				CODE_SIGN_IDENTITY = "iPhone Developer";
				COPY_PHASE_STRIP = NO;
				DEBUG_INFORMATION_FORMAT = "dwarf-with-dsym";
				ENABLE_NS_ASSERTIONS = NO;
				ENABLE_STRICT_OBJC_MSGSEND = YES;
				GCC_C_LANGUAGE_STANDARD = gnu11;
				GCC_NO_COMMON_BLOCKS = YES;
				GCC_WARN_64_TO_32_BIT_CONVERSION = YES;
				GCC_WARN_ABOUT_RETURN_TYPE = YES_ERROR;
				GCC_WARN_UNDECLARED_SELECTOR = YES;
				GCC_WARN_UNINITIALIZED_AUTOS = YES_AGGRESSIVE;
				GCC_WARN_UNUSED_FUNCTION = YES;
				GCC_WARN_UNUSED_VARIABLE = YES;
				IPHONEOS_DEPLOYMENT_TARGET = 12.1;
				MTL_ENABLE_DEBUG_INFO = NO;
				MTL_FAST_MATH = YES;
				SDKROOT = iphoneos;
				SWIFT_COMPILATION_MODE = wholemodule;
				SWIFT_OPTIMIZATION_LEVEL = "-O";
				VALIDATE_PRODUCT = YES;
			};
			name = Release;
		};
		4F4F6614223B025200AE1D03 /* Debug */ = {
			isa = XCBuildConfiguration;
			buildSettings = {
				ASSETCATALOG_COMPILER_APPICON_NAME = AppIcon;
				CODE_SIGN_STYLE = Automatic;
				DEVELOPMENT_TEAM = ZKPN288GRK;
				INFOPLIST_FILE = NavigationEngineDemo/Info.plist;
				LD_RUNPATH_SEARCH_PATHS = (
					"$(inherited)",
					"@executable_path/Frameworks",
				);
				PRODUCT_BUNDLE_IDENTIFIER = com.justeat.opensource.NavigationEngineDemo.NavigationEngineDemo;
				PRODUCT_NAME = "$(TARGET_NAME)";
				SWIFT_VERSION = 4.2;
				TARGETED_DEVICE_FAMILY = "1,2";
			};
			name = Debug;
		};
		4F4F6615223B025200AE1D03 /* Release */ = {
			isa = XCBuildConfiguration;
			buildSettings = {
				ASSETCATALOG_COMPILER_APPICON_NAME = AppIcon;
				CODE_SIGN_STYLE = Automatic;
				DEVELOPMENT_TEAM = ZKPN288GRK;
				INFOPLIST_FILE = NavigationEngineDemo/Info.plist;
				LD_RUNPATH_SEARCH_PATHS = (
					"$(inherited)",
					"@executable_path/Frameworks",
				);
				PRODUCT_BUNDLE_IDENTIFIER = com.justeat.opensource.NavigationEngineDemo.NavigationEngineDemo;
				PRODUCT_NAME = "$(TARGET_NAME)";
				SWIFT_VERSION = 4.2;
				TARGETED_DEVICE_FAMILY = "1,2";
			};
			name = Release;
		};
		4F4F6617223B025200AE1D03 /* Debug */ = {
			isa = XCBuildConfiguration;
			buildSettings = {
				ALWAYS_EMBED_SWIFT_STANDARD_LIBRARIES = YES;
				BUNDLE_LOADER = "$(TEST_HOST)";
				CODE_SIGN_STYLE = Automatic;
				DEVELOPMENT_TEAM = ZKPN288GRK;
				INFOPLIST_FILE = NavigationEngineDemoTests/Info.plist;
				LD_RUNPATH_SEARCH_PATHS = (
					"$(inherited)",
					"@executable_path/Frameworks",
					"@loader_path/Frameworks",
				);
				PRODUCT_BUNDLE_IDENTIFIER = com.justeat.opensource.NavigationEngineDemo.NavigationEngineDemoTests;
				PRODUCT_NAME = "$(TARGET_NAME)";
				SWIFT_VERSION = 4.2;
				TARGETED_DEVICE_FAMILY = "1,2";
				TEST_HOST = "$(BUILT_PRODUCTS_DIR)/NavigationEngineDemo.app/NavigationEngineDemo";
			};
			name = Debug;
		};
		4F4F6618223B025200AE1D03 /* Release */ = {
			isa = XCBuildConfiguration;
			buildSettings = {
				ALWAYS_EMBED_SWIFT_STANDARD_LIBRARIES = YES;
				BUNDLE_LOADER = "$(TEST_HOST)";
				CODE_SIGN_STYLE = Automatic;
				DEVELOPMENT_TEAM = ZKPN288GRK;
				INFOPLIST_FILE = NavigationEngineDemoTests/Info.plist;
				LD_RUNPATH_SEARCH_PATHS = (
					"$(inherited)",
					"@executable_path/Frameworks",
					"@loader_path/Frameworks",
				);
				PRODUCT_BUNDLE_IDENTIFIER = com.justeat.opensource.NavigationEngineDemo.NavigationEngineDemoTests;
				PRODUCT_NAME = "$(TARGET_NAME)";
				SWIFT_VERSION = 4.2;
				TARGETED_DEVICE_FAMILY = "1,2";
				TEST_HOST = "$(BUILT_PRODUCTS_DIR)/NavigationEngineDemo.app/NavigationEngineDemo";
			};
			name = Release;
		};
/* End XCBuildConfiguration section */

/* Begin XCConfigurationList section */
		4F4F65F1223B025000AE1D03 /* Build configuration list for PBXProject "NavigationEngineDemo" */ = {
			isa = XCConfigurationList;
			buildConfigurations = (
				4F4F6611223B025200AE1D03 /* Debug */,
				4F4F6612223B025200AE1D03 /* Release */,
			);
			defaultConfigurationIsVisible = 0;
			defaultConfigurationName = Release;
		};
		4F4F6613223B025200AE1D03 /* Build configuration list for PBXNativeTarget "NavigationEngineDemo" */ = {
			isa = XCConfigurationList;
			buildConfigurations = (
				4F4F6614223B025200AE1D03 /* Debug */,
				4F4F6615223B025200AE1D03 /* Release */,
			);
			defaultConfigurationIsVisible = 0;
			defaultConfigurationName = Release;
		};
		4F4F6616223B025200AE1D03 /* Build configuration list for PBXNativeTarget "NavigationEngineDemoTests" */ = {
			isa = XCConfigurationList;
			buildConfigurations = (
				4F4F6617223B025200AE1D03 /* Debug */,
				4F4F6618223B025200AE1D03 /* Release */,
			);
			defaultConfigurationIsVisible = 0;
			defaultConfigurationName = Release;
		};
/* End XCConfigurationList section */
	};
	rootObject = 4F4F65EE223B025000AE1D03 /* Project object */;
}
